PODS:
  - Firebase/AdMob (5.12.0):
    - Firebase/Core
    - Google-Mobile-Ads-SDK (~> 7.35)
  - Firebase/Core (5.12.0):
    - Firebase/CoreOnly
    - FirebaseAnalytics (= 5.3.0)
  - Firebase/CoreOnly (5.12.0):
    - FirebaseCore (= 5.1.7)
  - Firebase/Messaging (5.12.0):
    - Firebase/CoreOnly
    - FirebaseMessaging (= 3.2.1)
  - firebase_admob (0.0.1):
    - Firebase/AdMob
    - Firebase/Core
    - Flutter
  - firebase_analytics (0.0.1):
    - Firebase/Core
    - Flutter
  - firebase_messaging (0.0.1):
    - Firebase/Core
    - Firebase/Messaging
    - Flutter
  - FirebaseAnalytics (5.3.0):
    - FirebaseCore (~> 5.1)
    - FirebaseInstanceID (~> 3.3)
    - GoogleAppMeasurement (~> 5.3)
    - GoogleUtilities/AppDelegateSwizzler (~> 5.2)
    - GoogleUtilities/MethodSwizzler (~> 5.2)
    - GoogleUtilities/Network (~> 5.2)
    - "GoogleUtilities/NSData+zlib (~> 5.2)"
    - nanopb (~> 0.3)
  - FirebaseAnalyticsInterop (1.1.0)
  - FirebaseCore (5.1.7):
    - GoogleUtilities/Logger (~> 5.2)
  - FirebaseInstanceID (3.3.0):
    - FirebaseCore (~> 5.1)
    - GoogleUtilities/Environment (~> 5.3)
    - GoogleUtilities/UserDefaults (~> 5.3)
  - FirebaseMessaging (3.2.1):
    - FirebaseAnalyticsInterop (~> 1.1)
    - FirebaseCore (~> 5.1)
    - FirebaseInstanceID (~> 3.0)
    - GoogleUtilities/Environment (~> 5.2)
    - GoogleUtilities/Reachability (~> 5.2)
    - Protobuf (~> 3.1)
  - Flutter (1.0.0)
  - flutter_iap (1.2.0):
    - Flutter
  - FMDB (2.7.5):
    - FMDB/standard (= 2.7.5)
  - FMDB/standard (2.7.5)
  - Google-Mobile-Ads-SDK (7.35.2)
  - GoogleAppMeasurement (5.3.0):
    - GoogleUtilities/AppDelegateSwizzler (~> 5.2)
    - GoogleUtilities/MethodSwizzler (~> 5.2)
    - GoogleUtilities/Network (~> 5.2)
    - "GoogleUtilities/NSData+zlib (~> 5.2)"
    - nanopb (~> 0.3)
  - GoogleUtilities/AppDelegateSwizzler (5.3.5):
    - GoogleUtilities/Environment
    - GoogleUtilities/Logger
    - GoogleUtilities/Network
  - GoogleUtilities/Environment (5.3.5)
  - GoogleUtilities/Logger (5.3.5):
    - GoogleUtilities/Environment
  - GoogleUtilities/MethodSwizzler (5.3.5):
    - GoogleUtilities/Logger
  - GoogleUtilities/Network (5.3.5):
    - GoogleUtilities/Logger
    - "GoogleUtilities/NSData+zlib"
    - GoogleUtilities/Reachability
  - "GoogleUtilities/NSData+zlib (5.3.5)"
  - GoogleUtilities/Reachability (5.3.5):
    - GoogleUtilities/Logger
  - GoogleUtilities/UserDefaults (5.3.5):
    - GoogleUtilities/Logger
  - nanopb (0.3.901):
    - nanopb/decode (= 0.3.901)
    - nanopb/encode (= 0.3.901)
  - nanopb/decode (0.3.901)
  - nanopb/encode (0.3.901)
  - path_provider (0.0.1):
    - Flutter
  - Protobuf (3.6.1)
  - share (0.0.1):
    - Flutter
  - shared_preferences (0.0.1):
    - Flutter
  - sqflite (0.0.1):
    - Flutter
    - FMDB (~> 2.7.2)
  - url_launcher (0.0.1):
    - Flutter

DEPENDENCIES:
  - firebase_admob (from `/Users/cjones/Development/flutter/.pub-cache/hosted/pub.dartlang.org/firebase_admob-0.5.7/ios`)
  - "firebase_analytics (from `/Users/cjones/Development/flutter/.pub-cache/hosted/pub.dartlang.org/firebase_analytics-1.2.0+1/ios`)"
  - firebase_messaging (from `/Users/cjones/Development/flutter/.pub-cache/hosted/pub.dartlang.org/firebase_messaging-1.0.5/ios`)
  - Flutter (from `/Users/cjones/Development/flutter/bin/cache/artifacts/engine/ios-release`)
  - flutter_iap (from `/Users/cjones/Development/flutter/.pub-cache/hosted/pub.dartlang.org/flutter_iap-1.2.3/ios`)
  - "path_provider (from `/Users/cjones/Development/flutter/.pub-cache/hosted/pub.dartlang.org/path_provider-0.5.0+1/ios`)"
  - share (from `/Users/cjones/Development/flutter/.pub-cache/hosted/pub.dartlang.org/share-0.4.0/ios`)
  - shared_preferences (from `/Users/cjones/Development/flutter/.pub-cache/hosted/pub.dartlang.org/shared_preferences-0.4.3/ios`)
  - sqflite (from `/Users/cjones/Development/flutter/.pub-cache/hosted/pub.dartlang.org/sqflite-1.1.1/ios`)
  - url_launcher (from `/Users/cjones/Development/flutter/.pub-cache/hosted/pub.dartlang.org/url_launcher-3.0.3/ios`)

SPEC REPOS:
  https://github.com/cocoapods/specs.git:
    - Firebase
    - FirebaseAnalytics
    - FirebaseAnalyticsInterop
    - FirebaseCore
    - FirebaseInstanceID
    - FirebaseMessaging
    - FMDB
    - Google-Mobile-Ads-SDK
    - GoogleAppMeasurement
    - GoogleUtilities
    - nanopb
    - Protobuf

EXTERNAL SOURCES:
  firebase_admob:
    :path: "/Users/cjones/Development/flutter/.pub-cache/hosted/pub.dartlang.org/firebase_admob-0.5.7/ios"
  firebase_analytics:
    :path: "/Users/cjones/Development/flutter/.pub-cache/hosted/pub.dartlang.org/firebase_analytics-1.2.0+1/ios"
  firebase_messaging:
    :path: "/Users/cjones/Development/flutter/.pub-cache/hosted/pub.dartlang.org/firebase_messaging-1.0.5/ios"
  Flutter:
    :path: "/Users/cjones/Development/flutter/bin/cache/artifacts/engine/ios-release"
  flutter_iap:
    :path: "/Users/cjones/Development/flutter/.pub-cache/hosted/pub.dartlang.org/flutter_iap-1.2.3/ios"
  path_provider:
    :path: "/Users/cjones/Development/flutter/.pub-cache/hosted/pub.dartlang.org/path_provider-0.5.0+1/ios"
  share:
    :path: "/Users/cjones/Development/flutter/.pub-cache/hosted/pub.dartlang.org/share-0.4.0/ios"
  shared_preferences:
    :path: "/Users/cjones/Development/flutter/.pub-cache/hosted/pub.dartlang.org/shared_preferences-0.4.3/ios"
  sqflite:
    :path: "/Users/cjones/Development/flutter/.pub-cache/hosted/pub.dartlang.org/sqflite-1.1.1/ios"
  url_launcher:
    :path: "/Users/cjones/Development/flutter/.pub-cache/hosted/pub.dartlang.org/url_launcher-3.0.3/ios"

SPEC CHECKSUMS:
  Firebase: 9190018e296139d938b99521cde0c15a6e8d2946
  firebase_admob: b8cc46113ddf88a62fec340e9446607a5061a872
  firebase_analytics: 06fd3e199bfbc003a9949b90f3e3c6332fa1299e
  firebase_messaging: a5f5d4a9491b660f33a1f94bd0596558f820bad1
  FirebaseAnalytics: 63202d2665de4e6adcbdce189135255d8b5962ba
  FirebaseAnalyticsInterop: e5f21be9af6548372e2f0815834ff909bff395a2
  FirebaseCore: 027d350adc039aa5483357c6f56556f117c5170e
  FirebaseInstanceID: e2fa4cb35ef5558c200f7f0ad8a53e212215f93e
  FirebaseMessaging: 0f14a264b0d7f867e8eff5d3556bc5d0d4e57888
  Flutter: 9d0fac939486c9aba2809b7982dfdbb47a7b0296
  flutter_iap: eed3f3c673f834990847993011e8b3e8401c6b47
  FMDB: 2ce00b547f966261cd18927a3ddb07cb6f3db82a
  Google-Mobile-Ads-SDK: 8f07cc8eac6649fe648cabc97d67c8d20173624a
  GoogleAppMeasurement: 5029d78f2b438bd30ffb44e6c558b57c21622727
  GoogleUtilities: bb6ff5a302c97a0bc9820dad775505778c5a2676
  nanopb: 2901f78ea1b7b4015c860c2fdd1ea2fee1a18d48
  path_provider: 09407919825bfe3c2deae39453b7a5b44f467873
  Protobuf: 1eb9700044745f00181c136ef21b8ff3ad5a0fd5
  share: 8d04605548e55f7ce4ebb7b3e933f3c85028c9cf
  shared_preferences: 5a1d487c427ee18fcd3ea1f2a131569481834b53
  sqflite: d1612813fa7db7c667bed9f1d1b508deffc56999
  url_launcher: 92b89c1029a0373879933c21642958c874539095

PODFILE CHECKSUM: 662f8e0a46eeec290ba8f8ed727fd7642e1e3b82

COCOAPODS: 1.5.3
